
Microsoft Visual Studio Solution File, Format Version 12.00
# Visual Studio Version 17
VisualStudioVersion = 17.6.33723.286
MinimumVisualStudioVersion = 10.0.40219.1
Project("{FAE04EC0-301F-11D3-BF4B-00C04F79EFBC}") = "NoteTaker", "NoteTaker.csproj", "{3B717BD6-D998-498B-9E48-3674DE847AFA}"
EndProject
Global
	GlobalSection(SolutionConfigurationPlatforms) = preSolution
		Debug|Any CPU = Debug|Any CPU
		Release|Any CPU = Release|Any CPU
	EndGlobalSection
	GlobalSection(ProjectConfigurationPlatforms) = postSolution
		{3B717BD6-D998-498B-9E48-3674DE847AFA}.Debug|Any CPU.ActiveCfg = Debug|Any CPU
		{3B717BD6-D998-498B-9E48-3674DE847AFA}.Debug|Any CPU.Build.0 = Debug|Any CPU
		{3B717BD6-D998-498B-9E48-3674DE847AFA}.Release|Any CPU.ActiveCfg = Release|Any CPU
		{3B717BD6-D998-498B-9E48-3674DE847AFA}.Release|Any CPU.Build.0 = Release|Any CPU
	EndGlobalSection
	GlobalSection(SolutionProperties) = preSolution
		HideSolutionNode = FALSE
	EndGlobalSection
	GlobalSection(ExtensibilityGlobals) = postSolution
		SolutionGuid = {2DE1968D-D130-43E3-AEFB-21ABA0488601}
	EndGlobalSection
EndGlobal
